
Microsoft Visual Studio Solution File, Format Version 12.00
# Visual Studio 15
VisualStudioVersion = 15.0.28307.271
MinimumVisualStudioVersion = 10.0.40219.1
Project("{FAE04EC0-301F-11D3-BF4B-00C04F79EFBC}") = "WA_Aula02", "WA_Aula02\WA_Aula02.csproj", "{D41425CF-3F27-4E6E-87B8-A16A56131F48}"
EndProject
Global
	GlobalSection(SolutionConfigurationPlatforms) = preSolution
		Debug|Any CPU = Debug|Any CPU
		Release|Any CPU = Release|Any CPU
	EndGlobalSection
	GlobalSection(ProjectConfigurationPlatforms) = postSolution
		{D41425CF-3F27-4E6E-87B8-A16A56131F48}.Debug|Any CPU.ActiveCfg = Debug|Any CPU
		{D41425CF-3F27-4E6E-87B8-A16A56131F48}.Debug|Any CPU.Build.0 = Debug|Any CPU
		{D41425CF-3F27-4E6E-87B8-A16A56131F48}.Release|Any CPU.ActiveCfg = Release|Any CPU
		{D41425CF-3F27-4E6E-87B8-A16A56131F48}.Release|Any CPU.Build.0 = Release|Any CPU
	EndGlobalSection
	GlobalSection(SolutionProperties) = preSolution
		HideSolutionNode = FALSE
	EndGlobalSection
	GlobalSection(ExtensibilityGlobals) = postSolution
		SolutionGuid = {3417E0E4-57E4-4B23-80F2-F88102613E96}
	EndGlobalSection
EndGlobal
